
Microsoft Visual Studio Solution File, Format Version 12.00
# Visual Studio 14
VisualStudioVersion = 14.0.24720.0
MinimumVisualStudioVersion = 10.0.40219.1
Project("{FAE04EC0-301F-11D3-BF4B-00C04F79EFBC}") = "Collector.API", "GC.API\Collector.API.csproj", "{5729D34B-29C5-4D09-B1D3-B6BDA5C8A3DB}"
EndProject
Project("{FAE04EC0-301F-11D3-BF4B-00C04F79EFBC}") = "Collector.Roots", "Collector.Roots\Collector.Roots.csproj", "{DD8B1046-0862-420B-A0D5-55F7317F1D7F}"
EndProject
Global
	GlobalSection(SolutionConfigurationPlatforms) = preSolution
		Debug|Any CPU = Debug|Any CPU
		Release|Any CPU = Release|Any CPU
	EndGlobalSection
	GlobalSection(ProjectConfigurationPlatforms) = postSolution
		{5729D34B-29C5-4D09-B1D3-B6BDA5C8A3DB}.Debug|Any CPU.ActiveCfg = Debug|Any CPU
		{5729D34B-29C5-4D09-B1D3-B6BDA5C8A3DB}.Debug|Any CPU.Build.0 = Debug|Any CPU
		{5729D34B-29C5-4D09-B1D3-B6BDA5C8A3DB}.Release|Any CPU.ActiveCfg = Release|Any CPU
		{5729D34B-29C5-4D09-B1D3-B6BDA5C8A3DB}.Release|Any CPU.Build.0 = Release|Any CPU
		{DD8B1046-0862-420B-A0D5-55F7317F1D7F}.Debug|Any CPU.ActiveCfg = Debug|Any CPU
		{DD8B1046-0862-420B-A0D5-55F7317F1D7F}.Debug|Any CPU.Build.0 = Debug|Any CPU
		{DD8B1046-0862-420B-A0D5-55F7317F1D7F}.Release|Any CPU.ActiveCfg = Release|Any CPU
		{DD8B1046-0862-420B-A0D5-55F7317F1D7F}.Release|Any CPU.Build.0 = Release|Any CPU
	EndGlobalSection
	GlobalSection(SolutionProperties) = preSolution
		HideSolutionNode = FALSE
	EndGlobalSection
EndGlobal
